// !$*UTF8*$!
{
	archiveVersion = 1;
	classes = {
	};
	objectVersion = 46;
	objects = {

/* Begin PBXBuildFile section */
		C2D372D01D9A213300905564 /* AppDelegate.swift in Sources */ = {isa = PBXBuildFile; fileRef = C29A43F41D7BF2CD00D13EAA /* AppDelegate.swift */; };
		C2D372D11D9A213A00905564 /* RootVC.swift in Sources */ = {isa = PBXBuildFile; fileRef = C2BC30D81D82A3DD007FEBC9 /* RootVC.swift */; };
		C2D372D21D9A213C00905564 /* ViewControllerExtension.swift in Sources */ = {isa = PBXBuildFile; fileRef = C29BBCFD1D82A197003868A8 /* ViewControllerExtension.swift */; };
		C2D372D31D9A214200905564 /* SplashScreenVC.swift in Sources */ = {isa = PBXBuildFile; fileRef = C27A74BF1D7D736D00F6E44E /* SplashScreenVC.swift */; };
		C2D372D41D9A214400905564 /* MainVC.swift in Sources */ = {isa = PBXBuildFile; fileRef = C29A44071D7BF89800D13EAA /* MainVC.swift */; };
		C2D372D61D9A217F00905564 /* Assets.xcassets in Resources */ = {isa = PBXBuildFile; fileRef = C29A43FB1D7BF2CD00D13EAA /* Assets.xcassets */; };
		C2D372D91D9A21D000905564 /* OneSignal.framework in Frameworks */ = {isa = PBXBuildFile; fileRef = C29DE8821D7E98AD00C47170 /* OneSignal.framework */; };
		C2D372DA1D9A21D300905564 /* SystemConfiguration.framework in Frameworks */ = {isa = PBXBuildFile; fileRef = C29DE8841D7E98C700C47170 /* SystemConfiguration.framework */; };
		C2D372DB1D9A232C00905564 /* RootVC.xib in Resources */ = {isa = PBXBuildFile; fileRef = C2BC30D91D82A3DD007FEBC9 /* RootVC.xib */; };
		C2D372DC1D9A232F00905564 /* SplashScreenVC.xib in Resources */ = {isa = PBXBuildFile; fileRef = C27A74C01D7D736D00F6E44E /* SplashScreenVC.xib */; };
		C2D372DD1D9A234200905564 /* MainVC.xib in Resources */ = {isa = PBXBuildFile; fileRef = C29A44081D7BF89800D13EAA /* MainVC.xib */; };
		C2D3730B1D9A3C5200905564 /* MainVC.swift in Sources */ = {isa = PBXBuildFile; fileRef = C29A44071D7BF89800D13EAA /* MainVC.swift */; };
		C2D3730C1D9A3C5300905564 /* MainVC.swift in Sources */ = {isa = PBXBuildFile; fileRef = C29A44071D7BF89800D13EAA /* MainVC.swift */; };
		C2D3730F1D9A3C7D00905564 /* MainVC.xib in Resources */ = {isa = PBXBuildFile; fileRef = C29A44081D7BF89800D13EAA /* MainVC.xib */; };
		C2D373101D9A3C7D00905564 /* MainVC.xib in Resources */ = {isa = PBXBuildFile; fileRef = C29A44081D7BF89800D13EAA /* MainVC.xib */; };
		C2D373111D9A3C8100905564 /* SplashScreenVC.swift in Sources */ = {isa = PBXBuildFile; fileRef = C27A74BF1D7D736D00F6E44E /* SplashScreenVC.swift */; };
		C2D373121D9A3C8100905564 /* SplashScreenVC.swift in Sources */ = {isa = PBXBuildFile; fileRef = C27A74BF1D7D736D00F6E44E /* SplashScreenVC.swift */; };
		C2D373131D9A3C8500905564 /* SplashScreenVC.xib in Resources */ = {isa = PBXBuildFile; fileRef = C27A74C01D7D736D00F6E44E /* SplashScreenVC.xib */; };
		C2D373141D9A3C8500905564 /* SplashScreenVC.xib in Resources */ = {isa = PBXBuildFile; fileRef = C27A74C01D7D736D00F6E44E /* SplashScreenVC.xib */; };
		C2D373151D9A3C8800905564 /* ViewControllerExtension.swift in Sources */ = {isa = PBXBuildFile; fileRef = C29BBCFD1D82A197003868A8 /* ViewControllerExtension.swift */; };
		C2D373161D9A3C8900905564 /* ViewControllerExtension.swift in Sources */ = {isa = PBXBuildFile; fileRef = C29BBCFD1D82A197003868A8 /* ViewControllerExtension.swift */; };
		C2D373171D9A3C8B00905564 /* RootVC.swift in Sources */ = {isa = PBXBuildFile; fileRef = C2BC30D81D82A3DD007FEBC9 /* RootVC.swift */; };
		C2D373181D9A3C8C00905564 /* RootVC.swift in Sources */ = {isa = PBXBuildFile; fileRef = C2BC30D81D82A3DD007FEBC9 /* RootVC.swift */; };
		C2D373191D9A3C9000905564 /* RootVC.xib in Resources */ = {isa = PBXBuildFile; fileRef = C2BC30D91D82A3DD007FEBC9 /* RootVC.xib */; };
		C2D3731A1D9A3C9100905564 /* RootVC.xib in Resources */ = {isa = PBXBuildFile; fileRef = C2BC30D91D82A3DD007FEBC9 /* RootVC.xib */; };
		C2D3731B1D9A3C9400905564 /* AppDelegate.swift in Sources */ = {isa = PBXBuildFile; fileRef = C29A43F41D7BF2CD00D13EAA /* AppDelegate.swift */; };
		C2D3731C1D9A3C9400905564 /* AppDelegate.swift in Sources */ = {isa = PBXBuildFile; fileRef = C29A43F41D7BF2CD00D13EAA /* AppDelegate.swift */; };
		C2D373211D9A3DFD00905564 /* OneSignal.framework in Frameworks */ = {isa = PBXBuildFile; fileRef = C29DE8821D7E98AD00C47170 /* OneSignal.framework */; };
		C2D373221D9A3DFD00905564 /* OneSignal.framework in Frameworks */ = {isa = PBXBuildFile; fileRef = C29DE8821D7E98AD00C47170 /* OneSignal.framework */; };
		C2D373231D9A3E0000905564 /* SystemConfiguration.framework in Frameworks */ = {isa = PBXBuildFile; fileRef = C29DE8841D7E98C700C47170 /* SystemConfiguration.framework */; };
		C2D373241D9A3E0100905564 /* SystemConfiguration.framework in Frameworks */ = {isa = PBXBuildFile; fileRef = C29DE8841D7E98C700C47170 /* SystemConfiguration.framework */; };
		C2DC7A931DA3F883005A3D9B /* NetworkManager.swift in Sources */ = {isa = PBXBuildFile; fileRef = C2DC7A921DA3F883005A3D9B /* NetworkManager.swift */; };
		C2DC7A941DA3F883005A3D9B /* NetworkManager.swift in Sources */ = {isa = PBXBuildFile; fileRef = C2DC7A921DA3F883005A3D9B /* NetworkManager.swift */; };
		C2DC7A951DA3F883005A3D9B /* NetworkManager.swift in Sources */ = {isa = PBXBuildFile; fileRef = C2DC7A921DA3F883005A3D9B /* NetworkManager.swift */; };
		C2E6577F1D9A442600B8E861 /* StringConstant.swift in Sources */ = {isa = PBXBuildFile; fileRef = C2E6577E1D9A442600B8E861 /* StringConstant.swift */; };
		C2E657801D9A44CE00B8E861 /* StringConstant.swift in Sources */ = {isa = PBXBuildFile; fileRef = C2E6577E1D9A442600B8E861 /* StringConstant.swift */; };
		C2E657811D9A44CF00B8E861 /* StringConstant.swift in Sources */ = {isa = PBXBuildFile; fileRef = C2E6577E1D9A442600B8E861 /* StringConstant.swift */; };
		C2E657841D9A483800B8E861 /* CoreLocation.framework in Frameworks */ = {isa = PBXBuildFile; fileRef = C2E657831D9A483800B8E861 /* CoreLocation.framework */; };
		C2E657851D9A484000B8E861 /* CoreLocation.framework in Frameworks */ = {isa = PBXBuildFile; fileRef = C2E657831D9A483800B8E861 /* CoreLocation.framework */; };
		C2E657861D9A484000B8E861 /* CoreLocation.framework in Frameworks */ = {isa = PBXBuildFile; fileRef = C2E657831D9A483800B8E861 /* CoreLocation.framework */; };
		C2E6578C1D9A6DD400B8E861 /* LocationManager.swift in Sources */ = {isa = PBXBuildFile; fileRef = C2E6578B1D9A6DD400B8E861 /* LocationManager.swift */; };
		C2E6578D1D9A6DD400B8E861 /* LocationManager.swift in Sources */ = {isa = PBXBuildFile; fileRef = C2E6578B1D9A6DD400B8E861 /* LocationManager.swift */; };
		C2E6578E1D9A6DD400B8E861 /* LocationManager.swift in Sources */ = {isa = PBXBuildFile; fileRef = C2E6578B1D9A6DD400B8E861 /* LocationManager.swift */; };
/* End PBXBuildFile section */

/* Begin PBXFileReference section */
		C27A74BF1D7D736D00F6E44E /* SplashScreenVC.swift */ = {isa = PBXFileReference; fileEncoding = 4; lastKnownFileType = sourcecode.swift; path = SplashScreenVC.swift; sourceTree = "<group>"; };
		C27A74C01D7D736D00F6E44E /* SplashScreenVC.xib */ = {isa = PBXFileReference; fileEncoding = 4; lastKnownFileType = file.xib; path = SplashScreenVC.xib; sourceTree = "<group>"; };
		C29A43F41D7BF2CD00D13EAA /* AppDelegate.swift */ = {isa = PBXFileReference; lastKnownFileType = sourcecode.swift; path = AppDelegate.swift; sourceTree = "<group>"; };
		C29A43FB1D7BF2CD00D13EAA /* Assets.xcassets */ = {isa = PBXFileReference; lastKnownFileType = folder.assetcatalog; path = Assets.xcassets; sourceTree = "<group>"; };
		C29A43FE1D7BF2CD00D13EAA /* Base */ = {isa = PBXFileReference; lastKnownFileType = file.storyboard; name = Base; path = Base.lproj/LaunchScreen.storyboard; sourceTree = "<group>"; };
		C29A44001D7BF2CD00D13EAA /* Info.plist */ = {isa = PBXFileReference; lastKnownFileType = text.plist.xml; path = Info.plist; sourceTree = "<group>"; };
		C29A44071D7BF89800D13EAA /* MainVC.swift */ = {isa = PBXFileReference; fileEncoding = 4; lastKnownFileType = sourcecode.swift; path = MainVC.swift; sourceTree = "<group>"; };
		C29A44081D7BF89800D13EAA /* MainVC.xib */ = {isa = PBXFileReference; fileEncoding = 4; lastKnownFileType = file.xib; path = MainVC.xib; sourceTree = "<group>"; };
		C29BBCFD1D82A197003868A8 /* ViewControllerExtension.swift */ = {isa = PBXFileReference; fileEncoding = 4; lastKnownFileType = sourcecode.swift; path = ViewControllerExtension.swift; sourceTree = "<group>"; };
		C29DE8811D7E988100C47170 /* JustLorry-Bridging-Header.h */ = {isa = PBXFileReference; fileEncoding = 4; lastKnownFileType = sourcecode.c.h; path = "JustLorry-Bridging-Header.h"; sourceTree = SOURCE_ROOT; };
		C29DE8821D7E98AD00C47170 /* OneSignal.framework */ = {isa = PBXFileReference; lastKnownFileType = wrapper.framework; path = OneSignal.framework; sourceTree = "<group>"; };
		C29DE8841D7E98C700C47170 /* SystemConfiguration.framework */ = {isa = PBXFileReference; lastKnownFileType = wrapper.framework; name = SystemConfiguration.framework; path = System/Library/Frameworks/SystemConfiguration.framework; sourceTree = SDKROOT; };
		C2BC30D81D82A3DD007FEBC9 /* RootVC.swift */ = {isa = PBXFileReference; fileEncoding = 4; lastKnownFileType = sourcecode.swift; path = RootVC.swift; sourceTree = "<group>"; };
		C2BC30D91D82A3DD007FEBC9 /* RootVC.xib */ = {isa = PBXFileReference; fileEncoding = 4; lastKnownFileType = file.xib; path = RootVC.xib; sourceTree = "<group>"; };
		C2D372BE1D9A162A00905564 /* partner.app */ = {isa = PBXFileReference; explicitFileType = wrapper.application; includeInIndex = 0; path = partner.app; sourceTree = BUILT_PRODUCTS_DIR; };
		C2D372E31D9A379D00905564 /* driver.app */ = {isa = PBXFileReference; explicitFileType = wrapper.application; includeInIndex = 0; path = driver.app; sourceTree = BUILT_PRODUCTS_DIR; };
		C2D372F91D9A3BAE00905564 /* lorry.app */ = {isa = PBXFileReference; explicitFileType = wrapper.application; includeInIndex = 0; path = lorry.app; sourceTree = BUILT_PRODUCTS_DIR; };
		C2DC7A8F1DA3F004005A3D9B /* driver.entitlements */ = {isa = PBXFileReference; lastKnownFileType = text.plist.entitlements; name = driver.entitlements; path = driver/driver.entitlements; sourceTree = "<group>"; };
		C2DC7A901DA3F058005A3D9B /* partner.entitlements */ = {isa = PBXFileReference; lastKnownFileType = text.plist.entitlements; name = partner.entitlements; path = partner/partner.entitlements; sourceTree = "<group>"; };
		C2DC7A911DA3F061005A3D9B /* lorry.entitlements */ = {isa = PBXFileReference; lastKnownFileType = text.plist.entitlements; name = lorry.entitlements; path = lorry/lorry.entitlements; sourceTree = "<group>"; };
		C2DC7A921DA3F883005A3D9B /* NetworkManager.swift */ = {isa = PBXFileReference; fileEncoding = 4; lastKnownFileType = sourcecode.swift; path = NetworkManager.swift; sourceTree = "<group>"; };
		C2E6577E1D9A442600B8E861 /* StringConstant.swift */ = {isa = PBXFileReference; fileEncoding = 4; lastKnownFileType = sourcecode.swift; path = StringConstant.swift; sourceTree = "<group>"; };
		C2E657831D9A483800B8E861 /* CoreLocation.framework */ = {isa = PBXFileReference; lastKnownFileType = wrapper.framework; name = CoreLocation.framework; path = System/Library/Frameworks/CoreLocation.framework; sourceTree = SDKROOT; };
		C2E6578B1D9A6DD400B8E861 /* LocationManager.swift */ = {isa = PBXFileReference; fileEncoding = 4; lastKnownFileType = sourcecode.swift; path = LocationManager.swift; sourceTree = "<group>"; };
/* End PBXFileReference section */

/* Begin PBXFrameworksBuildPhase section */
		C2D372BB1D9A162A00905564 /* Frameworks */ = {
			isa = PBXFrameworksBuildPhase;
			buildActionMask = 2147483647;
			files = (
				C2E657841D9A483800B8E861 /* CoreLocation.framework in Frameworks */,
				C2D372DA1D9A21D300905564 /* SystemConfiguration.framework in Frameworks */,
				C2D372D91D9A21D000905564 /* OneSignal.framework in Frameworks */,
			);
			runOnlyForDeploymentPostprocessing = 0;
		};
		C2D372E01D9A379D00905564 /* Frameworks */ = {
			isa = PBXFrameworksBuildPhase;
			buildActionMask = 2147483647;
			files = (
				C2E657851D9A484000B8E861 /* CoreLocation.framework in Frameworks */,
				C2D373231D9A3E0000905564 /* SystemConfiguration.framework in Frameworks */,
				C2D373211D9A3DFD00905564 /* OneSignal.framework in Frameworks */,
			);
			runOnlyForDeploymentPostprocessing = 0;
		};
		C2D372F61D9A3BAE00905564 /* Frameworks */ = {
			isa = PBXFrameworksBuildPhase;
			buildActionMask = 2147483647;
			files = (
				C2E657861D9A484000B8E861 /* CoreLocation.framework in Frameworks */,
				C2D373241D9A3E0100905564 /* SystemConfiguration.framework in Frameworks */,
				C2D373221D9A3DFD00905564 /* OneSignal.framework in Frameworks */,
			);
			runOnlyForDeploymentPostprocessing = 0;
		};
/* End PBXFrameworksBuildPhase section */

/* Begin PBXGroup section */
		C29A43E81D7BF2CD00D13EAA = {
			isa = PBXGroup;
			children = (
				C2DC7A911DA3F061005A3D9B /* lorry.entitlements */,
				C2DC7A901DA3F058005A3D9B /* partner.entitlements */,
				C2DC7A8F1DA3F004005A3D9B /* driver.entitlements */,
				C29A43F31D7BF2CD00D13EAA /* Justlorry */,
				C29A43F21D7BF2CD00D13EAA /* Products */,
				C2E657821D9A483700B8E861 /* Frameworks */,
			);
			sourceTree = "<group>";
		};
		C29A43F21D7BF2CD00D13EAA /* Products */ = {
			isa = PBXGroup;
			children = (
				C2D372BE1D9A162A00905564 /* partner.app */,
				C2D372E31D9A379D00905564 /* driver.app */,
				C2D372F91D9A3BAE00905564 /* lorry.app */,
			);
			name = Products;
			sourceTree = "<group>";
		};
		C29A43F31D7BF2CD00D13EAA /* Justlorry */ = {
			isa = PBXGroup;
			children = (
				C29DE8811D7E988100C47170 /* JustLorry-Bridging-Header.h */,
				C29A440B1D7BF9F500D13EAA /* Modal */,
				C29A44061D7BF6F600D13EAA /* Views/View Controllers */,
				C29A43F41D7BF2CD00D13EAA /* AppDelegate.swift */,
				C29A43FB1D7BF2CD00D13EAA /* Assets.xcassets */,
				C29A43FD1D7BF2CD00D13EAA /* LaunchScreen.storyboard */,
				C29A44001D7BF2CD00D13EAA /* Info.plist */,
			);
			path = Justlorry;
			sourceTree = "<group>";
		};
		C29A44061D7BF6F600D13EAA /* Views/View Controllers */ = {
			isa = PBXGroup;
			children = (
				C29A44071D7BF89800D13EAA /* MainVC.swift */,
				C29A44081D7BF89800D13EAA /* MainVC.xib */,
				C27A74BF1D7D736D00F6E44E /* SplashScreenVC.swift */,
				C27A74C01D7D736D00F6E44E /* SplashScreenVC.xib */,
				C29BBCFD1D82A197003868A8 /* ViewControllerExtension.swift */,
				C2BC30D81D82A3DD007FEBC9 /* RootVC.swift */,
				C2BC30D91D82A3DD007FEBC9 /* RootVC.xib */,
			);
			name = "Views/View Controllers";
			sourceTree = "<group>";
		};
		C29A440B1D7BF9F500D13EAA /* Modal */ = {
			isa = PBXGroup;
			children = (
				C2E6577E1D9A442600B8E861 /* StringConstant.swift */,
				C2E6578B1D9A6DD400B8E861 /* LocationManager.swift */,
				C2DC7A921DA3F883005A3D9B /* NetworkManager.swift */,
			);
			name = Modal;
			sourceTree = "<group>";
		};
		C2E657821D9A483700B8E861 /* Frameworks */ = {
			isa = PBXGroup;
			children = (
				C29DE8841D7E98C700C47170 /* SystemConfiguration.framework */,
				C29DE8821D7E98AD00C47170 /* OneSignal.framework */,
				C2E657831D9A483800B8E861 /* CoreLocation.framework */,
			);
			name = Frameworks;
			sourceTree = "<group>";
		};
/* End PBXGroup section */

/* Begin PBXNativeTarget section */
		C2D372BD1D9A162A00905564 /* partner */ = {
			isa = PBXNativeTarget;
			buildConfigurationList = C2D372CF1D9A162A00905564 /* Build configuration list for PBXNativeTarget "partner" */;
			buildPhases = (
				C2D372BA1D9A162A00905564 /* Sources */,
				C2D372BB1D9A162A00905564 /* Frameworks */,
				C2D372BC1D9A162A00905564 /* Resources */,
			);
			buildRules = (
			);
			dependencies = (
			);
			name = partner;
			productName = partner;
			productReference = C2D372BE1D9A162A00905564 /* partner.app */;
			productType = "com.apple.product-type.application";
		};
		C2D372E21D9A379D00905564 /* driver */ = {
			isa = PBXNativeTarget;
			buildConfigurationList = C2D372F41D9A379D00905564 /* Build configuration list for PBXNativeTarget "driver" */;
			buildPhases = (
				C2D372DF1D9A379D00905564 /* Sources */,
				C2D372E01D9A379D00905564 /* Frameworks */,
				C2D372E11D9A379D00905564 /* Resources */,
			);
			buildRules = (
			);
			dependencies = (
			);
			name = driver;
			productName = driver;
			productReference = C2D372E31D9A379D00905564 /* driver.app */;
			productType = "com.apple.product-type.application";
		};
		C2D372F81D9A3BAE00905564 /* lorry */ = {
			isa = PBXNativeTarget;
			buildConfigurationList = C2D373081D9A3BAE00905564 /* Build configuration list for PBXNativeTarget "lorry" */;
			buildPhases = (
				C2D372F51D9A3BAE00905564 /* Sources */,
				C2D372F61D9A3BAE00905564 /* Frameworks */,
				C2D372F71D9A3BAE00905564 /* Resources */,
			);
			buildRules = (
			);
			dependencies = (
			);
			name = lorry;
			productName = lorry;
			productReference = C2D372F91D9A3BAE00905564 /* lorry.app */;
			productType = "com.apple.product-type.application";
		};
/* End PBXNativeTarget section */

/* Begin PBXProject section */
		C29A43E91D7BF2CD00D13EAA /* Project object */ = {
			isa = PBXProject;
			attributes = {
				LastSwiftUpdateCheck = 0800;
				LastUpgradeCheck = 0800;
				ORGANIZATIONNAME = Justlorry;
				TargetAttributes = {
					C2D372BD1D9A162A00905564 = {
						CreatedOnToolsVersion = 8.0;
						DevelopmentTeam = 97SH3T6D8D;
						ProvisioningStyle = Manual;
						SystemCapabilities = {
							com.apple.Push = {
								enabled = 1;
							};
						};
					};
					C2D372E21D9A379D00905564 = {
						CreatedOnToolsVersion = 8.0;
						DevelopmentTeam = 97SH3T6D8D;
						ProvisioningStyle = Manual;
						SystemCapabilities = {
							com.apple.Push = {
								enabled = 1;
							};
						};
					};
					C2D372F81D9A3BAE00905564 = {
						CreatedOnToolsVersion = 8.0;
						DevelopmentTeam = 97SH3T6D8D;
						ProvisioningStyle = Manual;
						SystemCapabilities = {
							com.apple.Push = {
								enabled = 1;
							};
						};
					};
				};
			};
			buildConfigurationList = C29A43EC1D7BF2CD00D13EAA /* Build configuration list for PBXProject "Justlorry" */;
			compatibilityVersion = "Xcode 3.2";
			developmentRegion = English;
			hasScannedForEncodings = 0;
			knownRegions = (
				en,
				Base,
			);
			mainGroup = C29A43E81D7BF2CD00D13EAA;
			productRefGroup = C29A43F21D7BF2CD00D13EAA /* Products */;
			projectDirPath = "";
			projectRoot = "";
			targets = (
				C2D372BD1D9A162A00905564 /* partner */,
				C2D372E21D9A379D00905564 /* driver */,
				C2D372F81D9A3BAE00905564 /* lorry */,
			);
		};
/* End PBXProject section */

/* Begin PBXResourcesBuildPhase section */
		C2D372BC1D9A162A00905564 /* Resources */ = {
			isa = PBXResourcesBuildPhase;
			buildActionMask = 2147483647;
			files = (
				C2D372DD1D9A234200905564 /* MainVC.xib in Resources */,
				C2D372D61D9A217F00905564 /* Assets.xcassets in Resources */,
				C2D372DB1D9A232C00905564 /* RootVC.xib in Resources */,
				C2D372DC1D9A232F00905564 /* SplashScreenVC.xib in Resources */,
			);
			runOnlyForDeploymentPostprocessing = 0;
		};
		C2D372E11D9A379D00905564 /* Resources */ = {
			isa = PBXResourcesBuildPhase;
			buildActionMask = 2147483647;
			files = (
				C2D3730F1D9A3C7D00905564 /* MainVC.xib in Resources */,
				C2D373131D9A3C8500905564 /* SplashScreenVC.xib in Resources */,
				C2D373191D9A3C9000905564 /* RootVC.xib in Resources */,
			);
			runOnlyForDeploymentPostprocessing = 0;
		};
		C2D372F71D9A3BAE00905564 /* Resources */ = {
			isa = PBXResourcesBuildPhase;
			buildActionMask = 2147483647;
			files = (
				C2D373101D9A3C7D00905564 /* MainVC.xib in Resources */,
				C2D373141D9A3C8500905564 /* SplashScreenVC.xib in Resources */,
				C2D3731A1D9A3C9100905564 /* RootVC.xib in Resources */,
			);
			runOnlyForDeploymentPostprocessing = 0;
		};
/* End PBXResourcesBuildPhase section */

/* Begin PBXSourcesBuildPhase section */
		C2D372BA1D9A162A00905564 /* Sources */ = {
			isa = PBXSourcesBuildPhase;
			buildActionMask = 2147483647;
			files = (
				C2DC7A931DA3F883005A3D9B /* NetworkManager.swift in Sources */,
				C2D372D11D9A213A00905564 /* RootVC.swift in Sources */,
				C2D372D01D9A213300905564 /* AppDelegate.swift in Sources */,
				C2E6577F1D9A442600B8E861 /* StringConstant.swift in Sources */,
				C2D372D31D9A214200905564 /* SplashScreenVC.swift in Sources */,
				C2E6578C1D9A6DD400B8E861 /* LocationManager.swift in Sources */,
				C2D372D21D9A213C00905564 /* ViewControllerExtension.swift in Sources */,
				C2D372D41D9A214400905564 /* MainVC.swift in Sources */,
			);
			runOnlyForDeploymentPostprocessing = 0;
		};
		C2D372DF1D9A379D00905564 /* Sources */ = {
			isa = PBXSourcesBuildPhase;
			buildActionMask = 2147483647;
			files = (
				C2DC7A941DA3F883005A3D9B /* NetworkManager.swift in Sources */,
				C2D3731B1D9A3C9400905564 /* AppDelegate.swift in Sources */,
				C2D373151D9A3C8800905564 /* ViewControllerExtension.swift in Sources */,
				C2E657801D9A44CE00B8E861 /* StringConstant.swift in Sources */,
				C2D373111D9A3C8100905564 /* SplashScreenVC.swift in Sources */,
				C2E6578D1D9A6DD400B8E861 /* LocationManager.swift in Sources */,
				C2D373171D9A3C8B00905564 /* RootVC.swift in Sources */,
				C2D3730B1D9A3C5200905564 /* MainVC.swift in Sources */,
			);
			runOnlyForDeploymentPostprocessing = 0;
		};
		C2D372F51D9A3BAE00905564 /* Sources */ = {
			isa = PBXSourcesBuildPhase;
			buildActionMask = 2147483647;
			files = (
				C2DC7A951DA3F883005A3D9B /* NetworkManager.swift in Sources */,
				C2D3731C1D9A3C9400905564 /* AppDelegate.swift in Sources */,
				C2D373161D9A3C8900905564 /* ViewControllerExtension.swift in Sources */,
				C2E657811D9A44CF00B8E861 /* StringConstant.swift in Sources */,
				C2D373121D9A3C8100905564 /* SplashScreenVC.swift in Sources */,
				C2E6578E1D9A6DD400B8E861 /* LocationManager.swift in Sources */,
				C2D373181D9A3C8C00905564 /* RootVC.swift in Sources */,
				C2D3730C1D9A3C5300905564 /* MainVC.swift in Sources */,
			);
			runOnlyForDeploymentPostprocessing = 0;
		};
/* End PBXSourcesBuildPhase section */

/* Begin PBXVariantGroup section */
		C29A43FD1D7BF2CD00D13EAA /* LaunchScreen.storyboard */ = {
			isa = PBXVariantGroup;
			children = (
				C29A43FE1D7BF2CD00D13EAA /* Base */,
			);
			name = LaunchScreen.storyboard;
			sourceTree = "<group>";
		};
/* End PBXVariantGroup section */

/* Begin XCBuildConfiguration section */
		C29A44011D7BF2CD00D13EAA /* Debug */ = {
			isa = XCBuildConfiguration;
			buildSettings = {
				ALWAYS_SEARCH_USER_PATHS = NO;
				CLANG_ANALYZER_NONNULL = YES;
				CLANG_CXX_LANGUAGE_STANDARD = "gnu++0x";
				CLANG_CXX_LIBRARY = "libc++";
				CLANG_ENABLE_MODULES = YES;
				CLANG_ENABLE_OBJC_ARC = YES;
				CLANG_WARN_BOOL_CONVERSION = YES;
				CLANG_WARN_CONSTANT_CONVERSION = YES;
				CLANG_WARN_DIRECT_OBJC_ISA_USAGE = YES_ERROR;
				CLANG_WARN_EMPTY_BODY = YES;
				CLANG_WARN_ENUM_CONVERSION = YES;
				CLANG_WARN_INFINITE_RECURSION = YES;
				CLANG_WARN_INT_CONVERSION = YES;
				CLANG_WARN_OBJC_ROOT_CLASS = YES_ERROR;
				CLANG_WARN_SUSPICIOUS_MOVE = YES;
				CLANG_WARN_UNREACHABLE_CODE = YES;
				CLANG_WARN__DUPLICATE_METHOD_MATCH = YES;
				"CODE_SIGN_IDENTITY[sdk=iphoneos*]" = "iPhone Developer";
				COPY_PHASE_STRIP = NO;
				DEBUG_INFORMATION_FORMAT = dwarf;
				ENABLE_STRICT_OBJC_MSGSEND = YES;
				ENABLE_TESTABILITY = YES;
				GCC_C_LANGUAGE_STANDARD = gnu99;
				GCC_DYNAMIC_NO_PIC = NO;
				GCC_NO_COMMON_BLOCKS = YES;
				GCC_OPTIMIZATION_LEVEL = 0;
				GCC_PREPROCESSOR_DEFINITIONS = (
					"DEBUG=1",
					"$(inherited)",
				);
				GCC_WARN_64_TO_32_BIT_CONVERSION = YES;
				GCC_WARN_ABOUT_RETURN_TYPE = YES_ERROR;
				GCC_WARN_UNDECLARED_SELECTOR = YES;
				GCC_WARN_UNINITIALIZED_AUTOS = YES_AGGRESSIVE;
				GCC_WARN_UNUSED_FUNCTION = YES;
				GCC_WARN_UNUSED_VARIABLE = YES;
				IPHONEOS_DEPLOYMENT_TARGET = 9.3;
				MTL_ENABLE_DEBUG_INFO = YES;
				ONLY_ACTIVE_ARCH = YES;
				OTHER_LDFLAGS = "-ObjC";
				PROVISIONING_PROFILE = "7bd8054c-4bb9-45a1-841f-96eb8cbeb034";
				SDKROOT = iphoneos;
				SWIFT_OPTIMIZATION_LEVEL = "-Onone";
			};
			name = Debug;
		};
		C29A44021D7BF2CD00D13EAA /* Release */ = {
			isa = XCBuildConfiguration;
			buildSettings = {
				ALWAYS_SEARCH_USER_PATHS = NO;
				CLANG_ANALYZER_NONNULL = YES;
				CLANG_CXX_LANGUAGE_STANDARD = "gnu++0x";
				CLANG_CXX_LIBRARY = "libc++";
				CLANG_ENABLE_MODULES = YES;
				CLANG_ENABLE_OBJC_ARC = YES;
				CLANG_WARN_BOOL_CONVERSION = YES;
				CLANG_WARN_CONSTANT_CONVERSION = YES;
				CLANG_WARN_DIRECT_OBJC_ISA_USAGE = YES_ERROR;
				CLANG_WARN_EMPTY_BODY = YES;
				CLANG_WARN_ENUM_CONVERSION = YES;
				CLANG_WARN_INFINITE_RECURSION = YES;
				CLANG_WARN_INT_CONVERSION = YES;
				CLANG_WARN_OBJC_ROOT_CLASS = YES_ERROR;
				CLANG_WARN_SUSPICIOUS_MOVE = YES;
				CLANG_WARN_UNREACHABLE_CODE = YES;
				CLANG_WARN__DUPLICATE_METHOD_MATCH = YES;
				"CODE_SIGN_IDENTITY[sdk=iphoneos*]" = "iPhone Developer";
				COPY_PHASE_STRIP = NO;
				DEBUG_INFORMATION_FORMAT = "dwarf-with-dsym";
				ENABLE_NS_ASSERTIONS = NO;
				ENABLE_STRICT_OBJC_MSGSEND = YES;
				GCC_C_LANGUAGE_STANDARD = gnu99;
				GCC_NO_COMMON_BLOCKS = YES;
				GCC_WARN_64_TO_32_BIT_CONVERSION = YES;
				GCC_WARN_ABOUT_RETURN_TYPE = YES_ERROR;
				GCC_WARN_UNDECLARED_SELECTOR = YES;
				GCC_WARN_UNINITIALIZED_AUTOS = YES_AGGRESSIVE;
				GCC_WARN_UNUSED_FUNCTION = YES;
				GCC_WARN_UNUSED_VARIABLE = YES;
				IPHONEOS_DEPLOYMENT_TARGET = 9.3;
				MTL_ENABLE_DEBUG_INFO = NO;
				OTHER_LDFLAGS = "-ObjC";
				PROVISIONING_PROFILE = "7bd8054c-4bb9-45a1-841f-96eb8cbeb034";
				SDKROOT = iphoneos;
				SWIFT_OPTIMIZATION_LEVEL = "-Owholemodule";
				VALIDATE_PRODUCT = YES;
			};
			name = Release;
		};
		C2D372CD1D9A162A00905564 /* Debug */ = {
			isa = XCBuildConfiguration;
			buildSettings = {
				ASSETCATALOG_COMPILER_APPICON_NAME = AppIcon;
				CLANG_WARN_DOCUMENTATION_COMMENTS = YES;
				CLANG_WARN_INFINITE_RECURSION = YES;
				CLANG_WARN_SUSPICIOUS_MOVES = YES;
				CODE_SIGN_ENTITLEMENTS = partner/partner.entitlements;
				DEVELOPMENT_TEAM = 97SH3T6D8D;
				FRAMEWORK_SEARCH_PATHS = (
					"$(inherited)",
					"$(PROJECT_DIR)",
				);
				INFOPLIST_FILE = Justlorry/Info.plist;
				IPHONEOS_DEPLOYMENT_TARGET = 8.0;
				LD_RUNPATH_SEARCH_PATHS = "$(inherited) @executable_path/Frameworks";
				OTHER_SWIFT_FLAGS = "-D PARTNER";
				PRODUCT_BUNDLE_IDENTIFIER = com.justsupplychain.partner;
				PRODUCT_NAME = "$(TARGET_NAME)";
				PROVISIONING_PROFILE = "785e5b61-08e9-4f53-a7e1-bb598a10eba2";
				PROVISIONING_PROFILE_SPECIFIER = partner;
				SWIFT_ACTIVE_COMPILATION_CONDITIONS = DEBUG;
				SWIFT_OBJC_BRIDGING_HEADER = "JustLorry-Bridging-Header.h";
				SWIFT_VERSION = 3.0;
			};
			name = Debug;
		};
		C2D372CE1D9A162A00905564 /* Release */ = {
			isa = XCBuildConfiguration;
			buildSettings = {
				ASSETCATALOG_COMPILER_APPICON_NAME = AppIcon;
				CLANG_WARN_DOCUMENTATION_COMMENTS = YES;
				CLANG_WARN_INFINITE_RECURSION = YES;
				CLANG_WARN_SUSPICIOUS_MOVES = YES;
				CODE_SIGN_ENTITLEMENTS = partner/partner.entitlements;
				DEVELOPMENT_TEAM = 97SH3T6D8D;
				FRAMEWORK_SEARCH_PATHS = (
					"$(inherited)",
					"$(PROJECT_DIR)",
				);
				INFOPLIST_FILE = Justlorry/Info.plist;
				IPHONEOS_DEPLOYMENT_TARGET = 8.0;
				LD_RUNPATH_SEARCH_PATHS = "$(inherited) @executable_path/Frameworks";
				OTHER_SWIFT_FLAGS = "-D PARTNER";
				PRODUCT_BUNDLE_IDENTIFIER = com.justsupplychain.partner;
				PRODUCT_NAME = "$(TARGET_NAME)";
				PROVISIONING_PROFILE = "785e5b61-08e9-4f53-a7e1-bb598a10eba2";
				PROVISIONING_PROFILE_SPECIFIER = partner;
				SWIFT_OBJC_BRIDGING_HEADER = "JustLorry-Bridging-Header.h";
				SWIFT_OPTIMIZATION_LEVEL = "-Owholemodule";
				SWIFT_VERSION = 3.0;
			};
			name = Release;
		};
		C2D372F21D9A379D00905564 /* Debug */ = {
			isa = XCBuildConfiguration;
			buildSettings = {
				ASSETCATALOG_COMPILER_APPICON_NAME = AppIcon;
				CLANG_WARN_DOCUMENTATION_COMMENTS = YES;
				CLANG_WARN_SUSPICIOUS_MOVES = YES;
				CODE_SIGN_ENTITLEMENTS = driver/driver.entitlements;
				DEVELOPMENT_TEAM = 97SH3T6D8D;
				FRAMEWORK_SEARCH_PATHS = (
					"$(inherited)",
					"$(PROJECT_DIR)",
				);
				INFOPLIST_FILE = Justlorry/Info.plist;
				IPHONEOS_DEPLOYMENT_TARGET = 8.0;
				LD_RUNPATH_SEARCH_PATHS = "$(inherited) @executable_path/Frameworks";
				OTHER_SWIFT_FLAGS = "-D DRIVER";
				PRODUCT_BUNDLE_IDENTIFIER = com.justsupplychain.driver;
				PRODUCT_NAME = "$(TARGET_NAME)";
				PROVISIONING_PROFILE = "12f52e68-3525-4580-a794-14947aa82232";
				PROVISIONING_PROFILE_SPECIFIER = driver;
				SWIFT_ACTIVE_COMPILATION_CONDITIONS = DEBUG;
				SWIFT_OBJC_BRIDGING_HEADER = "JustLorry-Bridging-Header.h";
				SWIFT_VERSION = 3.0;
			};
			name = Debug;
		};
		C2D372F31D9A379D00905564 /* Release */ = {
			isa = XCBuildConfiguration;
			buildSettings = {
				ASSETCATALOG_COMPILER_APPICON_NAME = AppIcon;
				CLANG_WARN_DOCUMENTATION_COMMENTS = YES;
				CLANG_WARN_SUSPICIOUS_MOVES = YES;
				CODE_SIGN_ENTITLEMENTS = driver/driver.entitlements;
				DEVELOPMENT_TEAM = 97SH3T6D8D;
				FRAMEWORK_SEARCH_PATHS = (
					"$(inherited)",
					"$(PROJECT_DIR)",
				);
				INFOPLIST_FILE = Justlorry/Info.plist;
				IPHONEOS_DEPLOYMENT_TARGET = 8.0;
				LD_RUNPATH_SEARCH_PATHS = "$(inherited) @executable_path/Frameworks";
				OTHER_SWIFT_FLAGS = "-D DRIVER";
				PRODUCT_BUNDLE_IDENTIFIER = com.justsupplychain.driver;
				PRODUCT_NAME = "$(TARGET_NAME)";
				PROVISIONING_PROFILE = "12f52e68-3525-4580-a794-14947aa82232";
				PROVISIONING_PROFILE_SPECIFIER = driver;
				SWIFT_OBJC_BRIDGING_HEADER = "JustLorry-Bridging-Header.h";
				SWIFT_VERSION = 3.0;
			};
			name = Release;
		};
		C2D373091D9A3BAE00905564 /* Debug */ = {
			isa = XCBuildConfiguration;
			buildSettings = {
				ASSETCATALOG_COMPILER_APPICON_NAME = AppIcon;
				CLANG_WARN_DOCUMENTATION_COMMENTS = YES;
				CLANG_WARN_SUSPICIOUS_MOVES = YES;
				CODE_SIGN_ENTITLEMENTS = lorry/lorry.entitlements;
				DEVELOPMENT_TEAM = 97SH3T6D8D;
				FRAMEWORK_SEARCH_PATHS = (
					"$(inherited)",
					"$(PROJECT_DIR)",
				);
				INFOPLIST_FILE = Justlorry/Info.plist;
				IPHONEOS_DEPLOYMENT_TARGET = 8.0;
				LD_RUNPATH_SEARCH_PATHS = "$(inherited) @executable_path/Frameworks";
				OTHER_SWIFT_FLAGS = "-D LORRY";
				PRODUCT_BUNDLE_IDENTIFIER = com.justsupplychain.lorry;
				PRODUCT_NAME = "$(TARGET_NAME)";
				PROVISIONING_PROFILE = "12f52e68-3525-4580-a794-14947aa82232";
				PROVISIONING_PROFILE_SPECIFIER = lorry;
				SWIFT_ACTIVE_COMPILATION_CONDITIONS = DEBUG;
				SWIFT_OBJC_BRIDGING_HEADER = "JustLorry-Bridging-Header.h";
				SWIFT_VERSION = 3.0;
			};
			name = Debug;
		};
		C2D3730A1D9A3BAE00905564 /* Release */ = {
			isa = XCBuildConfiguration;
			buildSettings = {
				ASSETCATALOG_COMPILER_APPICON_NAME = AppIcon;
				CLANG_WARN_DOCUMENTATION_COMMENTS = YES;
				CLANG_WARN_SUSPICIOUS_MOVES = YES;
				CODE_SIGN_ENTITLEMENTS = lorry/lorry.entitlements;
				DEVELOPMENT_TEAM = 97SH3T6D8D;
				FRAMEWORK_SEARCH_PATHS = (
					"$(inherited)",
					"$(PROJECT_DIR)",
				);
				INFOPLIST_FILE = Justlorry/Info.plist;
				IPHONEOS_DEPLOYMENT_TARGET = 8.0;
				LD_RUNPATH_SEARCH_PATHS = "$(inherited) @executable_path/Frameworks";
				OTHER_SWIFT_FLAGS = "-D LORRY";
				PRODUCT_BUNDLE_IDENTIFIER = com.justsupplychain.lorry;
				PRODUCT_NAME = "$(TARGET_NAME)";
				PROVISIONING_PROFILE = "12f52e68-3525-4580-a794-14947aa82232";
				PROVISIONING_PROFILE_SPECIFIER = lorry;
				SWIFT_OBJC_BRIDGING_HEADER = "JustLorry-Bridging-Header.h";
				SWIFT_VERSION = 3.0;
			};
			name = Release;
		};
/* End XCBuildConfiguration section */

/* Begin XCConfigurationList section */
		C29A43EC1D7BF2CD00D13EAA /* Build configuration list for PBXProject "Justlorry" */ = {
			isa = XCConfigurationList;
			buildConfigurations = (
				C29A44011D7BF2CD00D13EAA /* Debug */,
				C29A44021D7BF2CD00D13EAA /* Release */,
			);
			defaultConfigurationIsVisible = 0;
			defaultConfigurationName = Release;
		};
		C2D372CF1D9A162A00905564 /* Build configuration list for PBXNativeTarget "partner" */ = {
			isa = XCConfigurationList;
			buildConfigurations = (
				C2D372CD1D9A162A00905564 /* Debug */,
				C2D372CE1D9A162A00905564 /* Release */,
			);
			defaultConfigurationIsVisible = 0;
			defaultConfigurationName = Release;
		};
		C2D372F41D9A379D00905564 /* Build configuration list for PBXNativeTarget "driver" */ = {
			isa = XCConfigurationList;
			buildConfigurations = (
				C2D372F21D9A379D00905564 /* Debug */,
				C2D372F31D9A379D00905564 /* Release */,
			);
			defaultConfigurationIsVisible = 0;
			defaultConfigurationName = Release;
		};
		C2D373081D9A3BAE00905564 /* Build configuration list for PBXNativeTarget "lorry" */ = {
			isa = XCConfigurationList;
			buildConfigurations = (
				C2D373091D9A3BAE00905564 /* Debug */,
				C2D3730A1D9A3BAE00905564 /* Release */,
			);
			defaultConfigurationIsVisible = 0;
			defaultConfigurationName = Release;
		};
/* End XCConfigurationList section */
	};
	rootObject = C29A43E91D7BF2CD00D13EAA /* Project object */;
}
